
Microsoft Visual Studio Solution File, Format Version 12.00
# Visual Studio Version 16
VisualStudioVersion = 16.0.31205.134
MinimumVisualStudioVersion = 10.0.40219.1
Project("{9A19103F-16F7-4668-BE54-9A1E7A4F7556}") = "Cliente", "Cliente\Cliente.csproj", "{65B264FC-49D0-4265-B78F-77D744696D80}"
EndProject
Project("{9A19103F-16F7-4668-BE54-9A1E7A4F7556}") = "Servidor", "Servidor\Servidor.csproj", "{578EE142-1B5D-4F09-A5DC-7D969CD3BDBA}"
EndProject
Global
	GlobalSection(SolutionConfigurationPlatforms) = preSolution
		Debug|Any CPU = Debug|Any CPU
		Release|Any CPU = Release|Any CPU
	EndGlobalSection
	GlobalSection(ProjectConfigurationPlatforms) = postSolution
		{65B264FC-49D0-4265-B78F-77D744696D80}.Debug|Any CPU.ActiveCfg = Debug|Any CPU
		{65B264FC-49D0-4265-B78F-77D744696D80}.Debug|Any CPU.Build.0 = Debug|Any CPU
		{65B264FC-49D0-4265-B78F-77D744696D80}.Release|Any CPU.ActiveCfg = Release|Any CPU
		{65B264FC-49D0-4265-B78F-77D744696D80}.Release|Any CPU.Build.0 = Release|Any CPU
		{578EE142-1B5D-4F09-A5DC-7D969CD3BDBA}.Debug|Any CPU.ActiveCfg = Debug|Any CPU
		{578EE142-1B5D-4F09-A5DC-7D969CD3BDBA}.Debug|Any CPU.Build.0 = Debug|Any CPU
		{578EE142-1B5D-4F09-A5DC-7D969CD3BDBA}.Release|Any CPU.ActiveCfg = Release|Any CPU
		{578EE142-1B5D-4F09-A5DC-7D969CD3BDBA}.Release|Any CPU.Build.0 = Release|Any CPU
	EndGlobalSection
	GlobalSection(SolutionProperties) = preSolution
		HideSolutionNode = FALSE
	EndGlobalSection
	GlobalSection(ExtensibilityGlobals) = postSolution
		SolutionGuid = {FFDB3206-7EE9-497C-B8A8-EB670F30C4F2}
	EndGlobalSection
EndGlobal
